
Microsoft Visual Studio Solution File, Format Version 12.00
# Visual Studio 14
VisualStudioVersion = 14.0.25123.0
MinimumVisualStudioVersion = 10.0.40219.1
Project("{FAE04EC0-301F-11D3-BF4B-00C04F79EFBC}") = "WebLayer", "WebLayer\WebLayer.csproj", "{CBED18E1-E8C4-43C0-98D5-49FDE72A8FBA}"
EndProject
Global
	GlobalSection(SolutionConfigurationPlatforms) = preSolution
		Debug|Any CPU = Debug|Any CPU
		Release|Any CPU = Release|Any CPU
	EndGlobalSection
	GlobalSection(ProjectConfigurationPlatforms) = postSolution
		{CBED18E1-E8C4-43C0-98D5-49FDE72A8FBA}.Debug|Any CPU.ActiveCfg = Debug|Any CPU
		{CBED18E1-E8C4-43C0-98D5-49FDE72A8FBA}.Debug|Any CPU.Build.0 = Debug|Any CPU
		{CBED18E1-E8C4-43C0-98D5-49FDE72A8FBA}.Release|Any CPU.ActiveCfg = Release|Any CPU
		{CBED18E1-E8C4-43C0-98D5-49FDE72A8FBA}.Release|Any CPU.Build.0 = Release|Any CPU
	EndGlobalSection
	GlobalSection(SolutionProperties) = preSolution
		HideSolutionNode = FALSE
	EndGlobalSection
EndGlobal
