
Microsoft Visual Studio Solution File, Format Version 12.00
# Visual Studio 14
VisualStudioVersion = 14.0.25420.1
MinimumVisualStudioVersion = 10.0.40219.1
Project("{FAE04EC0-301F-11D3-BF4B-00C04F79EFBC}") = "WebLayer", "WebLayer\WebLayer.csproj", "{CBED18E1-E8C4-43C0-98D5-49FDE72A8FBA}"
EndProject
Project("{FAE04EC0-301F-11D3-BF4B-00C04F79EFBC}") = "DataAccessLayer", "DataAccess\DataAccessLayer.csproj", "{D9D23562-0030-43AB-B39A-4D1FA0F6F190}"
EndProject
Project("{2150E333-8FDC-42A3-9474-1A3956D46DE8}") = "1-PresentationLayer", "1-PresentationLayer", "{CAAEA063-1DFC-4099-AF65-2040901D6909}"
EndProject
Project("{2150E333-8FDC-42A3-9474-1A3956D46DE8}") = "3-DataAccess", "3-DataAccess", "{EC5FEF43-724E-4AFE-B1B0-F604E34B1DF6}"
EndProject
Project("{2150E333-8FDC-42A3-9474-1A3956D46DE8}") = "2-BusinessLayer", "2-BusinessLayer", "{8F995610-4FA4-487F-933C-F0F662DCAD63}"
EndProject
Project("{2150E333-8FDC-42A3-9474-1A3956D46DE8}") = "Security", "Security", "{3216B7D2-3BBB-4EE0-BAFB-B7358275A391}"
EndProject
Project("{FAE04EC0-301F-11D3-BF4B-00C04F79EFBC}") = "SecurityBL", "SecurityBL\SecurityBL.csproj", "{B75929DB-C7EA-4936-8129-85EC39F9D5B4}"
EndProject
Project("{2150E333-8FDC-42A3-9474-1A3956D46DE8}") = "ComponentsBL", "ComponentsBL", "{77F54919-C595-47DA-B2C9-06E14209BE47}"
EndProject
Project("{FAE04EC0-301F-11D3-BF4B-00C04F79EFBC}") = "BLComponents", "BLComponents\BLComponents.csproj", "{17D92E63-4E3E-45D8-9BA4-2AFF00037931}"
EndProject
Project("{2150E333-8FDC-42A3-9474-1A3956D46DE8}") = "0-Aspectos", "0-Aspectos", "{738D174F-F526-4265-BAB6-E366A2745CB1}"
EndProject
Project("{FAE04EC0-301F-11D3-BF4B-00C04F79EFBC}") = "Aspectos", "Aspectos\Aspectos.csproj", "{E21609D6-E084-4090-A17C-A9C0C1223BCD}"
EndProject
Global
	GlobalSection(SolutionConfigurationPlatforms) = preSolution
		Debug|Any CPU = Debug|Any CPU
		Release|Any CPU = Release|Any CPU
	EndGlobalSection
	GlobalSection(ProjectConfigurationPlatforms) = postSolution
		{CBED18E1-E8C4-43C0-98D5-49FDE72A8FBA}.Debug|Any CPU.ActiveCfg = Debug|Any CPU
		{CBED18E1-E8C4-43C0-98D5-49FDE72A8FBA}.Debug|Any CPU.Build.0 = Debug|Any CPU
		{CBED18E1-E8C4-43C0-98D5-49FDE72A8FBA}.Release|Any CPU.ActiveCfg = Release|Any CPU
		{CBED18E1-E8C4-43C0-98D5-49FDE72A8FBA}.Release|Any CPU.Build.0 = Release|Any CPU
		{D9D23562-0030-43AB-B39A-4D1FA0F6F190}.Debug|Any CPU.ActiveCfg = Debug|Any CPU
		{D9D23562-0030-43AB-B39A-4D1FA0F6F190}.Debug|Any CPU.Build.0 = Debug|Any CPU
		{D9D23562-0030-43AB-B39A-4D1FA0F6F190}.Release|Any CPU.ActiveCfg = Release|Any CPU
		{D9D23562-0030-43AB-B39A-4D1FA0F6F190}.Release|Any CPU.Build.0 = Release|Any CPU
		{B75929DB-C7EA-4936-8129-85EC39F9D5B4}.Debug|Any CPU.ActiveCfg = Debug|Any CPU
		{B75929DB-C7EA-4936-8129-85EC39F9D5B4}.Debug|Any CPU.Build.0 = Debug|Any CPU
		{B75929DB-C7EA-4936-8129-85EC39F9D5B4}.Release|Any CPU.ActiveCfg = Release|Any CPU
		{B75929DB-C7EA-4936-8129-85EC39F9D5B4}.Release|Any CPU.Build.0 = Release|Any CPU
		{17D92E63-4E3E-45D8-9BA4-2AFF00037931}.Debug|Any CPU.ActiveCfg = Debug|Any CPU
		{17D92E63-4E3E-45D8-9BA4-2AFF00037931}.Debug|Any CPU.Build.0 = Debug|Any CPU
		{17D92E63-4E3E-45D8-9BA4-2AFF00037931}.Release|Any CPU.ActiveCfg = Release|Any CPU
		{17D92E63-4E3E-45D8-9BA4-2AFF00037931}.Release|Any CPU.Build.0 = Release|Any CPU
		{E21609D6-E084-4090-A17C-A9C0C1223BCD}.Debug|Any CPU.ActiveCfg = Debug|Any CPU
		{E21609D6-E084-4090-A17C-A9C0C1223BCD}.Debug|Any CPU.Build.0 = Debug|Any CPU
		{E21609D6-E084-4090-A17C-A9C0C1223BCD}.Release|Any CPU.ActiveCfg = Release|Any CPU
		{E21609D6-E084-4090-A17C-A9C0C1223BCD}.Release|Any CPU.Build.0 = Release|Any CPU
	EndGlobalSection
	GlobalSection(SolutionProperties) = preSolution
		HideSolutionNode = FALSE
	EndGlobalSection
	GlobalSection(NestedProjects) = preSolution
		{CBED18E1-E8C4-43C0-98D5-49FDE72A8FBA} = {CAAEA063-1DFC-4099-AF65-2040901D6909}
		{D9D23562-0030-43AB-B39A-4D1FA0F6F190} = {EC5FEF43-724E-4AFE-B1B0-F604E34B1DF6}
		{3216B7D2-3BBB-4EE0-BAFB-B7358275A391} = {8F995610-4FA4-487F-933C-F0F662DCAD63}
		{B75929DB-C7EA-4936-8129-85EC39F9D5B4} = {3216B7D2-3BBB-4EE0-BAFB-B7358275A391}
		{77F54919-C595-47DA-B2C9-06E14209BE47} = {8F995610-4FA4-487F-933C-F0F662DCAD63}
		{17D92E63-4E3E-45D8-9BA4-2AFF00037931} = {77F54919-C595-47DA-B2C9-06E14209BE47}
		{E21609D6-E084-4090-A17C-A9C0C1223BCD} = {738D174F-F526-4265-BAB6-E366A2745CB1}
	EndGlobalSection
EndGlobal
